
Microsoft Visual Studio Solution File, Format Version 12.00
# Visual Studio Version 17
VisualStudioVersion = 17.13.35828.75
MinimumVisualStudioVersion = 10.0.40219.1
Project("{2150E333-8FDC-42A3-9474-1A3956D46DE8}") = "Services", "Services", "{02EA681E-C7D8-13C7-8484-4AC65E1B71E8}"
EndProject
Project("{2150E333-8FDC-42A3-9474-1A3956D46DE8}") = "Catalog", "Catalog", "{9BBFF667-0581-4BB8-B6F4-FAC99AA75D03}"
EndProject
Project("{FAE04EC0-301F-11D3-BF4B-00C04F79EFBC}") = "Catalog.API", "Services\Catalog\Catalog.API\Catalog.API.csproj", "{DFE3F219-4D34-484B-8A10-94F50381A470}"
EndProject
Project("{2150E333-8FDC-42A3-9474-1A3956D46DE8}") = "BuildingBlocks", "BuildingBlocks", "{2196C1DA-B1FD-467B-926E-74D03F49687C}"
EndProject
Project("{FAE04EC0-301F-11D3-BF4B-00C04F79EFBC}") = "BuildingBlocks", "BuildingBlocks\BuildingBlocks\BuildingBlocks.csproj", "{87F39350-C0E8-4EF6-92B9-74826B016576}"
EndProject
Project("{E53339B2-1760-4266-BCC7-CA923CBCF16C}") = "docker-compose", "docker-compose.dcproj", "{81DDED9D-158B-E303-5F62-77A2896D2A5A}"
EndProject
Project("{2150E333-8FDC-42A3-9474-1A3956D46DE8}") = "Basket", "Basket", "{F126101B-3D38-463E-B88A-AA5601CF61F1}"
EndProject
Project("{FAE04EC0-301F-11D3-BF4B-00C04F79EFBC}") = "Basket.API", "Services\Basket\Basket.API\Basket.API.csproj", "{C049C353-E14D-4AB3-9F1B-4B497897C76C}"
EndProject
Project("{2150E333-8FDC-42A3-9474-1A3956D46DE8}") = "Discount", "Discount", "{1B2D0C42-570A-4726-86AB-8D9EC305932D}"
EndProject
Project("{FAE04EC0-301F-11D3-BF4B-00C04F79EFBC}") = "Discount.GRPC", "Services\Discount\Discount.GRPC\Discount.GRPC.csproj", "{A21C852B-FD1A-45E6-A8B0-FB321204CE28}"
EndProject
Project("{2150E333-8FDC-42A3-9474-1A3956D46DE8}") = "Ordering", "Ordering", "{3D6C7D04-160D-47F5-A978-E57363508568}"
EndProject
Project("{FAE04EC0-301F-11D3-BF4B-00C04F79EFBC}") = "Ordering.API", "Services\Ordering\Order.API\Ordering.API.csproj", "{7348A5EE-AB6E-4D30-B33D-10A60921D87C}"
EndProject
Project("{FAE04EC0-301F-11D3-BF4B-00C04F79EFBC}") = "Ordering.Domain", "Services\Ordering\Order.Domain\Ordering.Domain.csproj", "{E142B71B-7F9D-46C9-A9A1-CD034722C5AE}"
EndProject
Project("{FAE04EC0-301F-11D3-BF4B-00C04F79EFBC}") = "Ordering.Application", "Services\Ordering\Order.Application\Ordering.Application.csproj", "{3A40110A-672B-4514-92D7-03B6240E4FD0}"
EndProject
Project("{FAE04EC0-301F-11D3-BF4B-00C04F79EFBC}") = "Ordering.Infrastructure", "Services\Ordering\Order.Infrastructure\Ordering.Infrastructure.csproj", "{9DAE3FDC-8A1D-4DD5-84EE-90D4496495B8}"
EndProject
Global
	GlobalSection(SolutionConfigurationPlatforms) = preSolution
		Debug|Any CPU = Debug|Any CPU
		Release|Any CPU = Release|Any CPU
	EndGlobalSection
	GlobalSection(ProjectConfigurationPlatforms) = postSolution
		{DFE3F219-4D34-484B-8A10-94F50381A470}.Debug|Any CPU.ActiveCfg = Debug|Any CPU
		{DFE3F219-4D34-484B-8A10-94F50381A470}.Debug|Any CPU.Build.0 = Debug|Any CPU
		{DFE3F219-4D34-484B-8A10-94F50381A470}.Release|Any CPU.ActiveCfg = Release|Any CPU
		{DFE3F219-4D34-484B-8A10-94F50381A470}.Release|Any CPU.Build.0 = Release|Any CPU
		{87F39350-C0E8-4EF6-92B9-74826B016576}.Debug|Any CPU.ActiveCfg = Debug|Any CPU
		{87F39350-C0E8-4EF6-92B9-74826B016576}.Debug|Any CPU.Build.0 = Debug|Any CPU
		{87F39350-C0E8-4EF6-92B9-74826B016576}.Release|Any CPU.ActiveCfg = Release|Any CPU
		{87F39350-C0E8-4EF6-92B9-74826B016576}.Release|Any CPU.Build.0 = Release|Any CPU
		{81DDED9D-158B-E303-5F62-77A2896D2A5A}.Debug|Any CPU.ActiveCfg = Debug|Any CPU
		{81DDED9D-158B-E303-5F62-77A2896D2A5A}.Debug|Any CPU.Build.0 = Debug|Any CPU
		{81DDED9D-158B-E303-5F62-77A2896D2A5A}.Release|Any CPU.ActiveCfg = Release|Any CPU
		{81DDED9D-158B-E303-5F62-77A2896D2A5A}.Release|Any CPU.Build.0 = Release|Any CPU
		{C049C353-E14D-4AB3-9F1B-4B497897C76C}.Debug|Any CPU.ActiveCfg = Debug|Any CPU
		{C049C353-E14D-4AB3-9F1B-4B497897C76C}.Debug|Any CPU.Build.0 = Debug|Any CPU
		{C049C353-E14D-4AB3-9F1B-4B497897C76C}.Release|Any CPU.ActiveCfg = Release|Any CPU
		{C049C353-E14D-4AB3-9F1B-4B497897C76C}.Release|Any CPU.Build.0 = Release|Any CPU
		{A21C852B-FD1A-45E6-A8B0-FB321204CE28}.Debug|Any CPU.ActiveCfg = Debug|Any CPU
		{A21C852B-FD1A-45E6-A8B0-FB321204CE28}.Debug|Any CPU.Build.0 = Debug|Any CPU
		{A21C852B-FD1A-45E6-A8B0-FB321204CE28}.Release|Any CPU.ActiveCfg = Release|Any CPU
		{A21C852B-FD1A-45E6-A8B0-FB321204CE28}.Release|Any CPU.Build.0 = Release|Any CPU
		{7348A5EE-AB6E-4D30-B33D-10A60921D87C}.Debug|Any CPU.ActiveCfg = Debug|Any CPU
		{7348A5EE-AB6E-4D30-B33D-10A60921D87C}.Debug|Any CPU.Build.0 = Debug|Any CPU
		{7348A5EE-AB6E-4D30-B33D-10A60921D87C}.Release|Any CPU.ActiveCfg = Release|Any CPU
		{7348A5EE-AB6E-4D30-B33D-10A60921D87C}.Release|Any CPU.Build.0 = Release|Any CPU
		{E142B71B-7F9D-46C9-A9A1-CD034722C5AE}.Debug|Any CPU.ActiveCfg = Debug|Any CPU
		{E142B71B-7F9D-46C9-A9A1-CD034722C5AE}.Debug|Any CPU.Build.0 = Debug|Any CPU
		{E142B71B-7F9D-46C9-A9A1-CD034722C5AE}.Release|Any CPU.ActiveCfg = Release|Any CPU
		{E142B71B-7F9D-46C9-A9A1-CD034722C5AE}.Release|Any CPU.Build.0 = Release|Any CPU
		{3A40110A-672B-4514-92D7-03B6240E4FD0}.Debug|Any CPU.ActiveCfg = Debug|Any CPU
		{3A40110A-672B-4514-92D7-03B6240E4FD0}.Debug|Any CPU.Build.0 = Debug|Any CPU
		{3A40110A-672B-4514-92D7-03B6240E4FD0}.Release|Any CPU.ActiveCfg = Release|Any CPU
		{3A40110A-672B-4514-92D7-03B6240E4FD0}.Release|Any CPU.Build.0 = Release|Any CPU
		{9DAE3FDC-8A1D-4DD5-84EE-90D4496495B8}.Debug|Any CPU.ActiveCfg = Debug|Any CPU
		{9DAE3FDC-8A1D-4DD5-84EE-90D4496495B8}.Debug|Any CPU.Build.0 = Debug|Any CPU
		{9DAE3FDC-8A1D-4DD5-84EE-90D4496495B8}.Release|Any CPU.ActiveCfg = Release|Any CPU
		{9DAE3FDC-8A1D-4DD5-84EE-90D4496495B8}.Release|Any CPU.Build.0 = Release|Any CPU
	EndGlobalSection
	GlobalSection(SolutionProperties) = preSolution
		HideSolutionNode = FALSE
	EndGlobalSection
	GlobalSection(NestedProjects) = preSolution
		{9BBFF667-0581-4BB8-B6F4-FAC99AA75D03} = {02EA681E-C7D8-13C7-8484-4AC65E1B71E8}
		{DFE3F219-4D34-484B-8A10-94F50381A470} = {9BBFF667-0581-4BB8-B6F4-FAC99AA75D03}
		{87F39350-C0E8-4EF6-92B9-74826B016576} = {2196C1DA-B1FD-467B-926E-74D03F49687C}
		{F126101B-3D38-463E-B88A-AA5601CF61F1} = {02EA681E-C7D8-13C7-8484-4AC65E1B71E8}
		{C049C353-E14D-4AB3-9F1B-4B497897C76C} = {F126101B-3D38-463E-B88A-AA5601CF61F1}
		{1B2D0C42-570A-4726-86AB-8D9EC305932D} = {02EA681E-C7D8-13C7-8484-4AC65E1B71E8}
		{A21C852B-FD1A-45E6-A8B0-FB321204CE28} = {1B2D0C42-570A-4726-86AB-8D9EC305932D}
		{3D6C7D04-160D-47F5-A978-E57363508568} = {02EA681E-C7D8-13C7-8484-4AC65E1B71E8}
		{7348A5EE-AB6E-4D30-B33D-10A60921D87C} = {3D6C7D04-160D-47F5-A978-E57363508568}
		{E142B71B-7F9D-46C9-A9A1-CD034722C5AE} = {3D6C7D04-160D-47F5-A978-E57363508568}
		{3A40110A-672B-4514-92D7-03B6240E4FD0} = {3D6C7D04-160D-47F5-A978-E57363508568}
		{9DAE3FDC-8A1D-4DD5-84EE-90D4496495B8} = {3D6C7D04-160D-47F5-A978-E57363508568}
	EndGlobalSection
	GlobalSection(ExtensibilityGlobals) = postSolution
		SolutionGuid = {49673FA4-1E2B-432A-8FB1-93C3EF1E3D03}
	EndGlobalSection
EndGlobal
